
Microsoft Visual Studio Solution File, Format Version 12.00
# Visual Studio Version 16
VisualStudioVersion = 16.0.31019.35
MinimumVisualStudioVersion = 10.0.40219.1
Project("{FAE04EC0-301F-11D3-BF4B-00C04F79EFBC}") = "SecondVoyage", "SecondVoyage\SecondVoyage.csproj", "{E598F509-9919-46B8-B056-1E78A7B59E42}"
EndProject
Global
	GlobalSection(SolutionConfigurationPlatforms) = preSolution
		Debug|Any CPU = Debug|Any CPU
		Release|Any CPU = Release|Any CPU
	EndGlobalSection
	GlobalSection(ProjectConfigurationPlatforms) = postSolution
		{E598F509-9919-46B8-B056-1E78A7B59E42}.Debug|Any CPU.ActiveCfg = Debug|Any CPU
		{E598F509-9919-46B8-B056-1E78A7B59E42}.Debug|Any CPU.Build.0 = Debug|Any CPU
		{E598F509-9919-46B8-B056-1E78A7B59E42}.Release|Any CPU.ActiveCfg = Release|Any CPU
		{E598F509-9919-46B8-B056-1E78A7B59E42}.Release|Any CPU.Build.0 = Release|Any CPU
	EndGlobalSection
	GlobalSection(SolutionProperties) = preSolution
		HideSolutionNode = FALSE
	EndGlobalSection
	GlobalSection(ExtensibilityGlobals) = postSolution
		SolutionGuid = {84A84F34-5174-435B-8B9E-2BB43488F1BB}
	EndGlobalSection
EndGlobal
